
Microsoft Visual Studio Solution File, Format Version 12.00
# Visual Studio 2013
VisualStudioVersion = 12.0.21005.1
MinimumVisualStudioVersion = 10.0.40219.1
Project("{8BC9CEB8-8B4A-11D0-8D11-00A0C91BC942}") = "ConsoleApplication1", "ConsoleApplication1\ConsoleApplication1.vcxproj", "{1B702448-2D90-4781-9C24-D3C1CD14BBD8}"
EndProject
Project("{2150E333-8FDC-42A3-9474-1A3956D46DE8}") = "Solution Items", "Solution Items", "{3A6068CF-0502-46C7-8838-8E6867A1B13F}"
EndProject
Global
	GlobalSection(SolutionConfigurationPlatforms) = preSolution
		Debug|Win32 = Debug|Win32
		Release|Win32 = Release|Win32
	EndGlobalSection
	GlobalSection(ProjectConfigurationPlatforms) = postSolution
		{1B702448-2D90-4781-9C24-D3C1CD14BBD8}.Debug|Win32.ActiveCfg = Debug|Win32
		{1B702448-2D90-4781-9C24-D3C1CD14BBD8}.Debug|Win32.Build.0 = Debug|Win32
		{1B702448-2D90-4781-9C24-D3C1CD14BBD8}.Release|Win32.ActiveCfg = Release|Win32
		{1B702448-2D90-4781-9C24-D3C1CD14BBD8}.Release|Win32.Build.0 = Release|Win32
	EndGlobalSection
	GlobalSection(SolutionProperties) = preSolution
		HideSolutionNode = FALSE
	EndGlobalSection
EndGlobal
